
Microsoft Visual Studio Solution File, Format Version 12.00
# Visual Studio Version 17
VisualStudioVersion = 17.1.32421.90
MinimumVisualStudioVersion = 10.0.40219.1
Project("{FAE04EC0-301F-11D3-BF4B-00C04F79EFBC}") = "Domain", "Domain\Domain.csproj", "{78300242-EDB3-4B8C-8043-9AF7FF585CF2}"
EndProject
Project("{FAE04EC0-301F-11D3-BF4B-00C04F79EFBC}") = "Infrastructure", "Infrastructure\Infrastructure.csproj", "{D13F071D-1C7A-4A24-98EF-EAB75D305018}"
EndProject
Project("{FAE04EC0-301F-11D3-BF4B-00C04F79EFBC}") = "API", "API\API.csproj", "{28F73D02-EBBC-4C9F-A056-BB3F14A837E9}"
EndProject
Global
	GlobalSection(SolutionConfigurationPlatforms) = preSolution
		Debug|Any CPU = Debug|Any CPU
		Release|Any CPU = Release|Any CPU
	EndGlobalSection
	GlobalSection(ProjectConfigurationPlatforms) = postSolution
		{78300242-EDB3-4B8C-8043-9AF7FF585CF2}.Debug|Any CPU.ActiveCfg = Debug|Any CPU
		{78300242-EDB3-4B8C-8043-9AF7FF585CF2}.Debug|Any CPU.Build.0 = Debug|Any CPU
		{78300242-EDB3-4B8C-8043-9AF7FF585CF2}.Release|Any CPU.ActiveCfg = Release|Any CPU
		{78300242-EDB3-4B8C-8043-9AF7FF585CF2}.Release|Any CPU.Build.0 = Release|Any CPU
		{D13F071D-1C7A-4A24-98EF-EAB75D305018}.Debug|Any CPU.ActiveCfg = Debug|Any CPU
		{D13F071D-1C7A-4A24-98EF-EAB75D305018}.Debug|Any CPU.Build.0 = Debug|Any CPU
		{D13F071D-1C7A-4A24-98EF-EAB75D305018}.Release|Any CPU.ActiveCfg = Release|Any CPU
		{D13F071D-1C7A-4A24-98EF-EAB75D305018}.Release|Any CPU.Build.0 = Release|Any CPU
		{28F73D02-EBBC-4C9F-A056-BB3F14A837E9}.Debug|Any CPU.ActiveCfg = Debug|Any CPU
		{28F73D02-EBBC-4C9F-A056-BB3F14A837E9}.Debug|Any CPU.Build.0 = Debug|Any CPU
		{28F73D02-EBBC-4C9F-A056-BB3F14A837E9}.Release|Any CPU.ActiveCfg = Release|Any CPU
		{28F73D02-EBBC-4C9F-A056-BB3F14A837E9}.Release|Any CPU.Build.0 = Release|Any CPU
	EndGlobalSection
	GlobalSection(SolutionProperties) = preSolution
		HideSolutionNode = FALSE
	EndGlobalSection
	GlobalSection(ExtensibilityGlobals) = postSolution
		SolutionGuid = {FBD6FFF2-805A-4197-AF33-9224A66D2724}
	EndGlobalSection
EndGlobal
